// !$*UTF8*$!
{
	archiveVersion = 1;
	classes = {
	};
	objectVersion = 48;
	objects = {

/* Begin PBXBuildFile section */
		7C25E78D20188ED7000307A2 /* AppDelegate.m in Sources */ = {isa = PBXBuildFile; fileRef = 7C25E78C20188ED7000307A2 /* AppDelegate.m */; };
		7C25E79020188ED7000307A2 /* ViewController.m in Sources */ = {isa = PBXBuildFile; fileRef = 7C25E78F20188ED7000307A2 /* ViewController.m */; };
		7C25E79320188ED7000307A2 /* Main.storyboard in Resources */ = {isa = PBXBuildFile; fileRef = 7C25E79120188ED7000307A2 /* Main.storyboard */; };
		7C25E79520188ED7000307A2 /* Assets.xcassets in Resources */ = {isa = PBXBuildFile; fileRef = 7C25E79420188ED7000307A2 /* Assets.xcassets */; };
		7C25E79820188ED7000307A2 /* LaunchScreen.storyboard in Resources */ = {isa = PBXBuildFile; fileRef = 7C25E79620188ED7000307A2 /* LaunchScreen.storyboard */; };
		7C25E79B20188ED7000307A2 /* main.m in Sources */ = {isa = PBXBuildFile; fileRef = 7C25E79A20188ED7000307A2 /* main.m */; };
		7C25E7D120197615000307A2 /* SpreadsheetView.framework in Frameworks */ = {isa = PBXBuildFile; fileRef = 7C25E7D020197615000307A2 /* SpreadsheetView.framework */; };
		7C25E7D320197668000307A2 /* a.swift in Sources */ = {isa = PBXBuildFile; fileRef = 7C25E7D220197668000307A2 /* a.swift */; };
		7C25E7D520197B44000307A2 /* data.tsv in Resources */ = {isa = PBXBuildFile; fileRef = 7C25E7D420197B44000307A2 /* data.tsv */; };
		7CC598AE201985D1005D87A5 /* Cells.swift in Sources */ = {isa = PBXBuildFile; fileRef = 7CC598AD201985D1005D87A5 /* Cells.swift */; };
		FDAC08C6A6827DA4B2D7867D /* Pods_SpreadsheetViewDemo.framework in Frameworks */ = {isa = PBXBuildFile; fileRef = B4460CDAEFB93D244631D412 /* Pods_SpreadsheetViewDemo.framework */; };
/* End PBXBuildFile section */

/* Begin PBXFileReference section */
		64DD487024BE977F45EA88A5 /* Pods-SpreadsheetViewDemo.debug.xcconfig */ = {isa = PBXFileReference; includeInIndex = 1; lastKnownFileType = text.xcconfig; name = "Pods-SpreadsheetViewDemo.debug.xcconfig"; path = "Pods/Target Support Files/Pods-SpreadsheetViewDemo/Pods-SpreadsheetViewDemo.debug.xcconfig"; sourceTree = "<group>"; };
		7C25E78820188ED7000307A2 /* SpreadsheetViewDemo.app */ = {isa = PBXFileReference; explicitFileType = wrapper.application; includeInIndex = 0; path = SpreadsheetViewDemo.app; sourceTree = BUILT_PRODUCTS_DIR; };
		7C25E78B20188ED7000307A2 /* AppDelegate.h */ = {isa = PBXFileReference; lastKnownFileType = sourcecode.c.h; path = AppDelegate.h; sourceTree = "<group>"; };
		7C25E78C20188ED7000307A2 /* AppDelegate.m */ = {isa = PBXFileReference; lastKnownFileType = sourcecode.c.objc; path = AppDelegate.m; sourceTree = "<group>"; };
		7C25E78E20188ED7000307A2 /* ViewController.h */ = {isa = PBXFileReference; lastKnownFileType = sourcecode.c.h; path = ViewController.h; sourceTree = "<group>"; };
		7C25E78F20188ED7000307A2 /* ViewController.m */ = {isa = PBXFileReference; lastKnownFileType = sourcecode.c.objc; path = ViewController.m; sourceTree = "<group>"; };
		7C25E79220188ED7000307A2 /* Base */ = {isa = PBXFileReference; lastKnownFileType = file.storyboard; name = Base; path = Base.lproj/Main.storyboard; sourceTree = "<group>"; };
		7C25E79420188ED7000307A2 /* Assets.xcassets */ = {isa = PBXFileReference; lastKnownFileType = folder.assetcatalog; path = Assets.xcassets; sourceTree = "<group>"; };
		7C25E79720188ED7000307A2 /* Base */ = {isa = PBXFileReference; lastKnownFileType = file.storyboard; name = Base; path = Base.lproj/LaunchScreen.storyboard; sourceTree = "<group>"; };
		7C25E79920188ED7000307A2 /* Info.plist */ = {isa = PBXFileReference; lastKnownFileType = text.plist.xml; path = Info.plist; sourceTree = "<group>"; };
		7C25E79A20188ED7000307A2 /* main.m */ = {isa = PBXFileReference; lastKnownFileType = sourcecode.c.objc; path = main.m; sourceTree = "<group>"; };
		7C25E7D020197615000307A2 /* SpreadsheetView.framework */ = {isa = PBXFileReference; lastKnownFileType = wrapper.framework; path = SpreadsheetView.framework; sourceTree = "<group>"; };
		7C25E7D220197668000307A2 /* a.swift */ = {isa = PBXFileReference; lastKnownFileType = sourcecode.swift; path = a.swift; sourceTree = "<group>"; };
		7C25E7D420197B44000307A2 /* data.tsv */ = {isa = PBXFileReference; fileEncoding = 4; lastKnownFileType = text; path = data.tsv; sourceTree = "<group>"; };
		7CC598AD201985D1005D87A5 /* Cells.swift */ = {isa = PBXFileReference; fileEncoding = 4; lastKnownFileType = sourcecode.swift; path = Cells.swift; sourceTree = "<group>"; };
		AB2FC8982D310294AE7C84C0 /* Pods-SpreadsheetViewDemo.release.xcconfig */ = {isa = PBXFileReference; includeInIndex = 1; lastKnownFileType = text.xcconfig; name = "Pods-SpreadsheetViewDemo.release.xcconfig"; path = "Pods/Target Support Files/Pods-SpreadsheetViewDemo/Pods-SpreadsheetViewDemo.release.xcconfig"; sourceTree = "<group>"; };
		B4460CDAEFB93D244631D412 /* Pods_SpreadsheetViewDemo.framework */ = {isa = PBXFileReference; explicitFileType = wrapper.framework; includeInIndex = 0; path = Pods_SpreadsheetViewDemo.framework; sourceTree = BUILT_PRODUCTS_DIR; };
/* End PBXFileReference section */

/* Begin PBXFrameworksBuildPhase section */
		7C25E78520188ED7000307A2 /* Frameworks */ = {
			isa = PBXFrameworksBuildPhase;
			buildActionMask = 2147483647;
			files = (
				7C25E7D120197615000307A2 /* SpreadsheetView.framework in Frameworks */,
				FDAC08C6A6827DA4B2D7867D /* Pods_SpreadsheetViewDemo.framework in Frameworks */,
			);
			runOnlyForDeploymentPostprocessing = 0;
		};
/* End PBXFrameworksBuildPhase section */

/* Begin PBXGroup section */
		53540264E789F4C0CE3A59F5 /* Pods */ = {
			isa = PBXGroup;
			children = (
				64DD487024BE977F45EA88A5 /* Pods-SpreadsheetViewDemo.debug.xcconfig */,
				AB2FC8982D310294AE7C84C0 /* Pods-SpreadsheetViewDemo.release.xcconfig */,
			);
			name = Pods;
			sourceTree = "<group>";
		};
		7C25E77F20188ED7000307A2 = {
			isa = PBXGroup;
			children = (
				7C25E78A20188ED7000307A2 /* SpreadsheetViewDemo */,
				7C25E78920188ED7000307A2 /* Products */,
				53540264E789F4C0CE3A59F5 /* Pods */,
				FCBADF0ADCEEDCB4602C890E /* Frameworks */,
			);
			sourceTree = "<group>";
		};
		7C25E78920188ED7000307A2 /* Products */ = {
			isa = PBXGroup;
			children = (
				7C25E78820188ED7000307A2 /* SpreadsheetViewDemo.app */,
			);
			name = Products;
			sourceTree = "<group>";
		};
		7C25E78A20188ED7000307A2 /* SpreadsheetViewDemo */ = {
			isa = PBXGroup;
			children = (
				7C25E7D020197615000307A2 /* SpreadsheetView.framework */,
				7CC598AD201985D1005D87A5 /* Cells.swift */,
				7C25E78B20188ED7000307A2 /* AppDelegate.h */,
				7C25E78C20188ED7000307A2 /* AppDelegate.m */,
				7C25E78E20188ED7000307A2 /* ViewController.h */,
				7C25E78F20188ED7000307A2 /* ViewController.m */,
				7C25E79120188ED7000307A2 /* Main.storyboard */,
				7C25E79420188ED7000307A2 /* Assets.xcassets */,
				7C25E79620188ED7000307A2 /* LaunchScreen.storyboard */,
				7C25E79920188ED7000307A2 /* Info.plist */,
				7C25E7D420197B44000307A2 /* data.tsv */,
				7C25E79A20188ED7000307A2 /* main.m */,
				7C25E7D220197668000307A2 /* a.swift */,
			);
			path = SpreadsheetViewDemo;
			sourceTree = "<group>";
		};
		FCBADF0ADCEEDCB4602C890E /* Frameworks */ = {
			isa = PBXGroup;
			children = (
				B4460CDAEFB93D244631D412 /* Pods_SpreadsheetViewDemo.framework */,
			);
			name = Frameworks;
			sourceTree = "<group>";
		};
/* End PBXGroup section */

/* Begin PBXNativeTarget section */
		7C25E78720188ED7000307A2 /* SpreadsheetViewDemo */ = {
			isa = PBXNativeTarget;
			buildConfigurationList = 7C25E79E20188ED7000307A2 /* Build configuration list for PBXNativeTarget "SpreadsheetViewDemo" */;
			buildPhases = (
				7009BB61B6283E4DECA89369 /* [CP] Check Pods Manifest.lock */,
				7C25E78420188ED7000307A2 /* Sources */,
				7C25E78520188ED7000307A2 /* Frameworks */,
				7C25E78620188ED7000307A2 /* Resources */,
				EC4A0D01745E2503FE0F137D /* [CP] Embed Pods Frameworks */,
				432A29145E1E6DED442956AC /* [CP] Copy Pods Resources */,
			);
			buildRules = (
			);
			dependencies = (
			);
			name = SpreadsheetViewDemo;
			productName = SpreadsheetViewDemo;
			productReference = 7C25E78820188ED7000307A2 /* SpreadsheetViewDemo.app */;
			productType = "com.apple.product-type.application";
		};
/* End PBXNativeTarget section */

/* Begin PBXProject section */
		7C25E78020188ED7000307A2 /* Project object */ = {
			isa = PBXProject;
			attributes = {
				LastUpgradeCheck = 0920;
				ORGANIZATIONNAME = karos;
				TargetAttributes = {
					7C25E78720188ED7000307A2 = {
						CreatedOnToolsVersion = 9.2;
						LastSwiftMigration = 0920;
						ProvisioningStyle = Automatic;
					};
				};
			};
			buildConfigurationList = 7C25E78320188ED7000307A2 /* Build configuration list for PBXProject "SpreadsheetViewDemo" */;
			compatibilityVersion = "Xcode 8.0";
			developmentRegion = en;
			hasScannedForEncodings = 0;
			knownRegions = (
				en,
				Base,
			);
			mainGroup = 7C25E77F20188ED7000307A2;
			productRefGroup = 7C25E78920188ED7000307A2 /* Products */;
			projectDirPath = "";
			projectRoot = "";
			targets = (
				7C25E78720188ED7000307A2 /* SpreadsheetViewDemo */,
			);
		};
/* End PBXProject section */

/* Begin PBXResourcesBuildPhase section */
		7C25E78620188ED7000307A2 /* Resources */ = {
			isa = PBXResourcesBuildPhase;
			buildActionMask = 2147483647;
			files = (
				7C25E79820188ED7000307A2 /* LaunchScreen.storyboard in Resources */,
				7C25E7D520197B44000307A2 /* data.tsv in Resources */,
				7C25E79520188ED7000307A2 /* Assets.xcassets in Resources */,
				7C25E79320188ED7000307A2 /* Main.storyboard in Resources */,
			);
			runOnlyForDeploymentPostprocessing = 0;
		};
/* End PBXResourcesBuildPhase section */

/* Begin PBXShellScriptBuildPhase section */
		432A29145E1E6DED442956AC /* [CP] Copy Pods Resources */ = {
			isa = PBXShellScriptBuildPhase;
			buildActionMask = 2147483647;
			files = (
			);
			inputPaths = (
			);
			name = "[CP] Copy Pods Resources";
			outputPaths = (
			);
			runOnlyForDeploymentPostprocessing = 0;
			shellPath = /bin/sh;
			shellScript = "\"${SRCROOT}/Pods/Target Support Files/Pods-SpreadsheetViewDemo/Pods-SpreadsheetViewDemo-resources.sh\"\n";
			showEnvVarsInLog = 0;
		};
		7009BB61B6283E4DECA89369 /* [CP] Check Pods Manifest.lock */ = {
			isa = PBXShellScriptBuildPhase;
			buildActionMask = 2147483647;
			files = (
			);
			inputPaths = (
				"${PODS_PODFILE_DIR_PATH}/Podfile.lock",
				"${PODS_ROOT}/Manifest.lock",
			);
			name = "[CP] Check Pods Manifest.lock";
			outputPaths = (
				"$(DERIVED_FILE_DIR)/Pods-SpreadsheetViewDemo-checkManifestLockResult.txt",
			);
			runOnlyForDeploymentPostprocessing = 0;
			shellPath = /bin/sh;
			shellScript = "diff \"${PODS_PODFILE_DIR_PATH}/Podfile.lock\" \"${PODS_ROOT}/Manifest.lock\" > /dev/null\nif [ $? != 0 ] ; then\n    # print error to STDERR\n    echo \"error: The sandbox is not in sync with the Podfile.lock. Run 'pod install' or update your CocoaPods installation.\" >&2\n    exit 1\nfi\n# This output is used by Xcode 'outputs' to avoid re-running this script phase.\necho \"SUCCESS\" > \"${SCRIPT_OUTPUT_FILE_0}\"\n";
			showEnvVarsInLog = 0;
		};
		EC4A0D01745E2503FE0F137D /* [CP] Embed Pods Frameworks */ = {
			isa = PBXShellScriptBuildPhase;
			buildActionMask = 2147483647;
			files = (
			);
			inputPaths = (
				"${SRCROOT}/Pods/Target Support Files/Pods-SpreadsheetViewDemo/Pods-SpreadsheetViewDemo-frameworks.sh",
				"${BUILT_PRODUCTS_DIR}/SpreadsheetView/SpreadsheetView.framework",
			);
			name = "[CP] Embed Pods Frameworks";
			outputPaths = (
				"${TARGET_BUILD_DIR}/${FRAMEWORKS_FOLDER_PATH}/SpreadsheetView.framework",
			);
			runOnlyForDeploymentPostprocessing = 0;
			shellPath = /bin/sh;
			shellScript = "\"${SRCROOT}/Pods/Target Support Files/Pods-SpreadsheetViewDemo/Pods-SpreadsheetViewDemo-frameworks.sh\"\n";
			showEnvVarsInLog = 0;
		};
/* End PBXShellScriptBuildPhase section */

/* Begin PBXSourcesBuildPhase section */
		7C25E78420188ED7000307A2 /* Sources */ = {
			isa = PBXSourcesBuildPhase;
			buildActionMask = 2147483647;
			files = (
				7C25E79020188ED7000307A2 /* ViewController.m in Sources */,
				7C25E79B20188ED7000307A2 /* main.m in Sources */,
				7C25E78D20188ED7000307A2 /* AppDelegate.m in Sources */,
				7C25E7D320197668000307A2 /* a.swift in Sources */,
				7CC598AE201985D1005D87A5 /* Cells.swift in Sources */,
			);
			runOnlyForDeploymentPostprocessing = 0;
		};
/* End PBXSourcesBuildPhase section */

/* Begin PBXVariantGroup section */
		7C25E79120188ED7000307A2 /* Main.storyboard */ = {
			isa = PBXVariantGroup;
			children = (
				7C25E79220188ED7000307A2 /* Base */,
			);
			name = Main.storyboard;
			sourceTree = "<group>";
		};
		7C25E79620188ED7000307A2 /* LaunchScreen.storyboard */ = {
			isa = PBXVariantGroup;
			children = (
				7C25E79720188ED7000307A2 /* Base */,
			);
			name = LaunchScreen.storyboard;
			sourceTree = "<group>";
		};
/* End PBXVariantGroup section */

/* Begin XCBuildConfiguration section */
		7C25E79C20188ED7000307A2 /* Debug */ = {
			isa = XCBuildConfiguration;
			buildSettings = {
				ALWAYS_SEARCH_USER_PATHS = NO;
				CLANG_ANALYZER_NONNULL = YES;
				CLANG_ANALYZER_NUMBER_OBJECT_CONVERSION = YES_AGGRESSIVE;
				CLANG_CXX_LANGUAGE_STANDARD = "gnu++14";
				CLANG_CXX_LIBRARY = "libc++";
				CLANG_ENABLE_MODULES = YES;
				CLANG_ENABLE_OBJC_ARC = YES;
				CLANG_WARN_BLOCK_CAPTURE_AUTORELEASING = YES;
				CLANG_WARN_BOOL_CONVERSION = YES;
				CLANG_WARN_COMMA = YES;
				CLANG_WARN_CONSTANT_CONVERSION = YES;
				CLANG_WARN_DIRECT_OBJC_ISA_USAGE = YES_ERROR;
				CLANG_WARN_DOCUMENTATION_COMMENTS = YES;
				CLANG_WARN_EMPTY_BODY = YES;
				CLANG_WARN_ENUM_CONVERSION = YES;
				CLANG_WARN_INFINITE_RECURSION = YES;
				CLANG_WARN_INT_CONVERSION = YES;
				CLANG_WARN_NON_LITERAL_NULL_CONVERSION = YES;
				CLANG_WARN_OBJC_LITERAL_CONVERSION = YES;
				CLANG_WARN_OBJC_ROOT_CLASS = YES_ERROR;
				CLANG_WARN_RANGE_LOOP_ANALYSIS = YES;
				CLANG_WARN_STRICT_PROTOTYPES = YES;
				CLANG_WARN_SUSPICIOUS_MOVE = YES;
				CLANG_WARN_UNGUARDED_AVAILABILITY = YES_AGGRESSIVE;
				CLANG_WARN_UNREACHABLE_CODE = YES;
				CLANG_WARN__DUPLICATE_METHOD_MATCH = YES;
				CODE_SIGN_IDENTITY = "iPhone Developer";
				COPY_PHASE_STRIP = NO;
				DEBUG_INFORMATION_FORMAT = dwarf;
				ENABLE_STRICT_OBJC_MSGSEND = YES;
				ENABLE_TESTABILITY = YES;
				GCC_C_LANGUAGE_STANDARD = gnu11;
				GCC_DYNAMIC_NO_PIC = NO;
				GCC_NO_COMMON_BLOCKS = YES;
				GCC_OPTIMIZATION_LEVEL = 0;
				GCC_PREPROCESSOR_DEFINITIONS = (
					"DEBUG=1",
					"$(inherited)",
				);
				GCC_WARN_64_TO_32_BIT_CONVERSION = YES;
				GCC_WARN_ABOUT_RETURN_TYPE = YES_ERROR;
				GCC_WARN_UNDECLARED_SELECTOR = YES;
				GCC_WARN_UNINITIALIZED_AUTOS = YES_AGGRESSIVE;
				GCC_WARN_UNUSED_FUNCTION = YES;
				GCC_WARN_UNUSED_VARIABLE = YES;
				IPHONEOS_DEPLOYMENT_TARGET = 11.2;
				MTL_ENABLE_DEBUG_INFO = YES;
				ONLY_ACTIVE_ARCH = YES;
				SDKROOT = iphoneos;
			};
			name = Debug;
		};
		7C25E79D20188ED7000307A2 /* Release */ = {
			isa = XCBuildConfiguration;
			buildSettings = {
				ALWAYS_SEARCH_USER_PATHS = NO;
				CLANG_ANALYZER_NONNULL = YES;
				CLANG_ANALYZER_NUMBER_OBJECT_CONVERSION = YES_AGGRESSIVE;
				CLANG_CXX_LANGUAGE_STANDARD = "gnu++14";
				CLANG_CXX_LIBRARY = "libc++";
				CLANG_ENABLE_MODULES = YES;
				CLANG_ENABLE_OBJC_ARC = YES;
				CLANG_WARN_BLOCK_CAPTURE_AUTORELEASING = YES;
				CLANG_WARN_BOOL_CONVERSION = YES;
				CLANG_WARN_COMMA = YES;
				CLANG_WARN_CONSTANT_CONVERSION = YES;
				CLANG_WARN_DIRECT_OBJC_ISA_USAGE = YES_ERROR;
				CLANG_WARN_DOCUMENTATION_COMMENTS = YES;
				CLANG_WARN_EMPTY_BODY = YES;
				CLANG_WARN_ENUM_CONVERSION = YES;
				CLANG_WARN_INFINITE_RECURSION = YES;
				CLANG_WARN_INT_CONVERSION = YES;
				CLANG_WARN_NON_LITERAL_NULL_CONVERSION = YES;
				CLANG_WARN_OBJC_LITERAL_CONVERSION = YES;
				CLANG_WARN_OBJC_ROOT_CLASS = YES_ERROR;
				CLANG_WARN_RANGE_LOOP_ANALYSIS = YES;
				CLANG_WARN_STRICT_PROTOTYPES = YES;
				CLANG_WARN_SUSPICIOUS_MOVE = YES;
				CLANG_WARN_UNGUARDED_AVAILABILITY = YES_AGGRESSIVE;
				CLANG_WARN_UNREACHABLE_CODE = YES;
				CLANG_WARN__DUPLICATE_METHOD_MATCH = YES;
				CODE_SIGN_IDENTITY = "iPhone Developer";
				COPY_PHASE_STRIP = NO;
				DEBUG_INFORMATION_FORMAT = "dwarf-with-dsym";
				ENABLE_NS_ASSERTIONS = NO;
				ENABLE_STRICT_OBJC_MSGSEND = YES;
				GCC_C_LANGUAGE_STANDARD = gnu11;
				GCC_NO_COMMON_BLOCKS = YES;
				GCC_WARN_64_TO_32_BIT_CONVERSION = YES;
				GCC_WARN_ABOUT_RETURN_TYPE = YES_ERROR;
				GCC_WARN_UNDECLARED_SELECTOR = YES;
				GCC_WARN_UNINITIALIZED_AUTOS = YES_AGGRESSIVE;
				GCC_WARN_UNUSED_FUNCTION = YES;
				GCC_WARN_UNUSED_VARIABLE = YES;
				IPHONEOS_DEPLOYMENT_TARGET = 11.2;
				MTL_ENABLE_DEBUG_INFO = NO;
				SDKROOT = iphoneos;
				VALIDATE_PRODUCT = YES;
			};
			name = Release;
		};
		7C25E79F20188ED7000307A2 /* Debug */ = {
			isa = XCBuildConfiguration;
			baseConfigurationReference = 64DD487024BE977F45EA88A5 /* Pods-SpreadsheetViewDemo.debug.xcconfig */;
			buildSettings = {
				ASSETCATALOG_COMPILER_APPICON_NAME = AppIcon;
				CLANG_ENABLE_MODULES = YES;
				CODE_SIGN_STYLE = Automatic;
				DEFINES_MODULE = YES;
				DEVELOPMENT_TEAM = 7M2A8Q929Y;
				FRAMEWORK_SEARCH_PATHS = (
					"$(inherited)",
					"$(PROJECT_DIR)/SpreadsheetViewDemo",
				);
				INFOPLIST_FILE = SpreadsheetViewDemo/Info.plist;
				IPHONEOS_DEPLOYMENT_TARGET = 8.0;
				LD_RUNPATH_SEARCH_PATHS = "$(inherited) @executable_path/Frameworks";
				OTHER_LDFLAGS = (
					"-all_load",
					"-ObjC",
				);
				PRODUCT_BUNDLE_IDENTIFIER = com.karosli.SpreadsheetViewDemo;
				PRODUCT_NAME = "$(TARGET_NAME)";
				SWIFT_OBJC_BRIDGING_HEADER = "";
				SWIFT_OPTIMIZATION_LEVEL = "-Onone";
				SWIFT_VERSION = 3.0;
				TARGETED_DEVICE_FAMILY = "1,2";
			};
			name = Debug;
		};
		7C25E7A020188ED7000307A2 /* Release */ = {
			isa = XCBuildConfiguration;
			baseConfigurationReference = AB2FC8982D310294AE7C84C0 /* Pods-SpreadsheetViewDemo.release.xcconfig */;
			buildSettings = {
				ASSETCATALOG_COMPILER_APPICON_NAME = AppIcon;
				CLANG_ENABLE_MODULES = YES;
				CODE_SIGN_STYLE = Automatic;
				DEFINES_MODULE = YES;
				DEVELOPMENT_TEAM = 7M2A8Q929Y;
				FRAMEWORK_SEARCH_PATHS = (
					"$(inherited)",
					"$(PROJECT_DIR)/SpreadsheetViewDemo",
				);
				INFOPLIST_FILE = SpreadsheetViewDemo/Info.plist;
				IPHONEOS_DEPLOYMENT_TARGET = 8.0;
				LD_RUNPATH_SEARCH_PATHS = "$(inherited) @executable_path/Frameworks";
				OTHER_LDFLAGS = (
					"-all_load",
					"-ObjC",
				);
				PRODUCT_BUNDLE_IDENTIFIER = com.karosli.SpreadsheetViewDemo;
				PRODUCT_NAME = "$(TARGET_NAME)";
				SWIFT_OBJC_BRIDGING_HEADER = "";
				SWIFT_VERSION = 3.0;
				TARGETED_DEVICE_FAMILY = "1,2";
			};
			name = Release;
		};
/* End XCBuildConfiguration section */

/* Begin XCConfigurationList section */
		7C25E78320188ED7000307A2 /* Build configuration list for PBXProject "SpreadsheetViewDemo" */ = {
			isa = XCConfigurationList;
			buildConfigurations = (
				7C25E79C20188ED7000307A2 /* Debug */,
				7C25E79D20188ED7000307A2 /* Release */,
			);
			defaultConfigurationIsVisible = 0;
			defaultConfigurationName = Release;
		};
		7C25E79E20188ED7000307A2 /* Build configuration list for PBXNativeTarget "SpreadsheetViewDemo" */ = {
			isa = XCConfigurationList;
			buildConfigurations = (
				7C25E79F20188ED7000307A2 /* Debug */,
				7C25E7A020188ED7000307A2 /* Release */,
			);
			defaultConfigurationIsVisible = 0;
			defaultConfigurationName = Release;
		};
/* End XCConfigurationList section */
	};
	rootObject = 7C25E78020188ED7000307A2 /* Project object */;
}
